
Microsoft Visual Studio Solution File, Format Version 10.00
# Visual Studio 2008
Project("{8BC9CEB8-8B4A-11D0-8D11-00A0C91BC942}") = "LayoutIndicatorProvider", "LayoutIndicatorProvider\LayoutIndicatorProvider.vcproj", "{04C2D020-29BD-4EA9-8D9E-8D18E253924F}"
EndProject
Global
	GlobalSection(SolutionConfigurationPlatforms) = preSolution
		Debug|Win32 = Debug|Win32
		Release|Win32 = Release|Win32
	EndGlobalSection
	GlobalSection(ProjectConfigurationPlatforms) = postSolution
		{04C2D020-29BD-4EA9-8D9E-8D18E253924F}.Debug|Win32.ActiveCfg = Debug|Win32
		{04C2D020-29BD-4EA9-8D9E-8D18E253924F}.Debug|Win32.Build.0 = Debug|Win32
		{04C2D020-29BD-4EA9-8D9E-8D18E253924F}.Release|Win32.ActiveCfg = Release|Win32
		{04C2D020-29BD-4EA9-8D9E-8D18E253924F}.Release|Win32.Build.0 = Release|Win32
	EndGlobalSection
	GlobalSection(SolutionProperties) = preSolution
		HideSolutionNode = FALSE
	EndGlobalSection
EndGlobal
