
Microsoft Visual Studio Solution File, Format Version 10.00
# Visual Studio 2008
Project("{8BC9CEB8-8B4A-11D0-8D11-00A0C91BC942}") = "RomanCalc", "RomanCalc\RomanCalc.vcproj", "{470B89D3-AB41-45DC-A085-BC25ABBBC18C}"
EndProject
Global
	GlobalSection(SolutionConfigurationPlatforms) = preSolution
		Debug|Win32 = Debug|Win32
		Release|Win32 = Release|Win32
	EndGlobalSection
	GlobalSection(ProjectConfigurationPlatforms) = postSolution
		{470B89D3-AB41-45DC-A085-BC25ABBBC18C}.Debug|Win32.ActiveCfg = Debug|Win32
		{470B89D3-AB41-45DC-A085-BC25ABBBC18C}.Debug|Win32.Build.0 = Debug|Win32
		{470B89D3-AB41-45DC-A085-BC25ABBBC18C}.Release|Win32.ActiveCfg = Release|Win32
		{470B89D3-AB41-45DC-A085-BC25ABBBC18C}.Release|Win32.Build.0 = Release|Win32
	EndGlobalSection
	GlobalSection(SolutionProperties) = preSolution
		HideSolutionNode = FALSE
	EndGlobalSection
EndGlobal
